
Microsoft Visual Studio Solution File, Format Version 12.00
# Visual Studio 14
VisualStudioVersion = 14.0.25420.1
MinimumVisualStudioVersion = 10.0.40219.1
Project("{FAE04EC0-301F-11D3-BF4B-00C04F79EFBC}") = "NativeRTLPlugin", "NativeRTLPlugin\NativeRTLPlugin.csproj", "{22E1C5E8-3E55-4E4D-83C3-4CC3BA9C8CBA}"
EndProject
Project("{FAE04EC0-301F-11D3-BF4B-00C04F79EFBC}") = "Tests", "Tests\Tests.csproj", "{A27B8570-1275-4179-AD88-AC8E05F5CBF9}"
EndProject
Global
	GlobalSection(SolutionConfigurationPlatforms) = preSolution
		Debug|Any CPU = Debug|Any CPU
		Release|Any CPU = Release|Any CPU
	EndGlobalSection
	GlobalSection(ProjectConfigurationPlatforms) = postSolution
		{22E1C5E8-3E55-4E4D-83C3-4CC3BA9C8CBA}.Debug|Any CPU.ActiveCfg = Debug|Any CPU
		{22E1C5E8-3E55-4E4D-83C3-4CC3BA9C8CBA}.Debug|Any CPU.Build.0 = Debug|Any CPU
		{22E1C5E8-3E55-4E4D-83C3-4CC3BA9C8CBA}.Release|Any CPU.ActiveCfg = Release|Any CPU
		{22E1C5E8-3E55-4E4D-83C3-4CC3BA9C8CBA}.Release|Any CPU.Build.0 = Release|Any CPU
		{A27B8570-1275-4179-AD88-AC8E05F5CBF9}.Debug|Any CPU.ActiveCfg = Debug|Any CPU
		{A27B8570-1275-4179-AD88-AC8E05F5CBF9}.Debug|Any CPU.Build.0 = Debug|Any CPU
		{A27B8570-1275-4179-AD88-AC8E05F5CBF9}.Release|Any CPU.ActiveCfg = Release|Any CPU
		{A27B8570-1275-4179-AD88-AC8E05F5CBF9}.Release|Any CPU.Build.0 = Release|Any CPU
	EndGlobalSection
	GlobalSection(SolutionProperties) = preSolution
		HideSolutionNode = FALSE
	EndGlobalSection
EndGlobal
